// !$*UTF8*$!
{
	archiveVersion = 1;
	classes = {
	};
	objectVersion = 46;
	objects = {

/* Begin PBXBuildFile section */
		E765BB2F1D5222BC002E9912 /* AppDelegate.swift in Sources */ = {isa = PBXBuildFile; fileRef = E765BB2E1D5222BC002E9912 /* AppDelegate.swift */; };
		E765BB311D5222BC002E9912 /* ViewController.swift in Sources */ = {isa = PBXBuildFile; fileRef = E765BB301D5222BC002E9912 /* ViewController.swift */; };
		E765BB361D5222BC002E9912 /* Assets.xcassets in Resources */ = {isa = PBXBuildFile; fileRef = E765BB351D5222BC002E9912 /* Assets.xcassets */; };
		E765BB391D5222BC002E9912 /* LaunchScreen.storyboard in Resources */ = {isa = PBXBuildFile; fileRef = E765BB371D5222BC002E9912 /* LaunchScreen.storyboard */; };
		E765BB411D522549002E9912 /* UIColor.swift in Sources */ = {isa = PBXBuildFile; fileRef = E765BB401D522549002E9912 /* UIColor.swift */; };
		E765BB441D5225A6002E9912 /* MainTabbarController.swift in Sources */ = {isa = PBXBuildFile; fileRef = E765BB431D5225A6002E9912 /* MainTabbarController.swift */; };
		E765BB461D52263E002E9912 /* ViewController2.swift in Sources */ = {isa = PBXBuildFile; fileRef = E765BB451D52263E002E9912 /* ViewController2.swift */; };
		E765BB481D522650002E9912 /* ViewController3.swift in Sources */ = {isa = PBXBuildFile; fileRef = E765BB471D522650002E9912 /* ViewController3.swift */; };
		E765BB541D522AD0002E9912 /* TabCollectionCell.xib in Resources */ = {isa = PBXBuildFile; fileRef = E765BB4E1D522AD0002E9912 /* TabCollectionCell.xib */; };
		E765BB551D522AD0002E9912 /* TabPageOption.swift in Sources */ = {isa = PBXBuildFile; fileRef = E765BB4F1D522AD0002E9912 /* TabPageOption.swift */; };
		E765BB581D522AD0002E9912 /* TabView.swift in Sources */ = {isa = PBXBuildFile; fileRef = E765BB521D522AD0002E9912 /* TabView.swift */; };
		E765BB591D522AD0002E9912 /* TabView.xib in Resources */ = {isa = PBXBuildFile; fileRef = E765BB531D522AD0002E9912 /* TabView.xib */; };
		E765BB5B1D522B16002E9912 /* TabCollectionCell.swift in Sources */ = {isa = PBXBuildFile; fileRef = E765BB5A1D522B16002E9912 /* TabCollectionCell.swift */; };
		E765BB5F1D52340F002E9912 /* TabPageViewController.swift in Sources */ = {isa = PBXBuildFile; fileRef = E765BB5E1D52340F002E9912 /* TabPageViewController.swift */; };
		E765BB611D523448002E9912 /* TabPageViewController.xib in Resources */ = {isa = PBXBuildFile; fileRef = E765BB601D523448002E9912 /* TabPageViewController.xib */; };
/* End PBXBuildFile section */

/* Begin PBXFileReference section */
		E765BB2B1D5222BC002E9912 /* Panda.app */ = {isa = PBXFileReference; explicitFileType = wrapper.application; includeInIndex = 0; path = Panda.app; sourceTree = BUILT_PRODUCTS_DIR; };
		E765BB2E1D5222BC002E9912 /* AppDelegate.swift */ = {isa = PBXFileReference; lastKnownFileType = sourcecode.swift; path = AppDelegate.swift; sourceTree = "<group>"; };
		E765BB301D5222BC002E9912 /* ViewController.swift */ = {isa = PBXFileReference; lastKnownFileType = sourcecode.swift; path = ViewController.swift; sourceTree = "<group>"; };
		E765BB351D5222BC002E9912 /* Assets.xcassets */ = {isa = PBXFileReference; lastKnownFileType = folder.assetcatalog; path = Assets.xcassets; sourceTree = "<group>"; };
		E765BB381D5222BC002E9912 /* Base */ = {isa = PBXFileReference; lastKnownFileType = file.storyboard; name = Base; path = Base.lproj/LaunchScreen.storyboard; sourceTree = "<group>"; };
		E765BB3A1D5222BC002E9912 /* Info.plist */ = {isa = PBXFileReference; lastKnownFileType = text.plist.xml; path = Info.plist; sourceTree = "<group>"; };
		E765BB401D522549002E9912 /* UIColor.swift */ = {isa = PBXFileReference; fileEncoding = 4; lastKnownFileType = sourcecode.swift; path = UIColor.swift; sourceTree = "<group>"; };
		E765BB431D5225A6002E9912 /* MainTabbarController.swift */ = {isa = PBXFileReference; fileEncoding = 4; lastKnownFileType = sourcecode.swift; name = MainTabbarController.swift; path = ../MainTabbarController.swift; sourceTree = "<group>"; };
		E765BB451D52263E002E9912 /* ViewController2.swift */ = {isa = PBXFileReference; fileEncoding = 4; lastKnownFileType = sourcecode.swift; path = ViewController2.swift; sourceTree = "<group>"; };
		E765BB471D522650002E9912 /* ViewController3.swift */ = {isa = PBXFileReference; fileEncoding = 4; lastKnownFileType = sourcecode.swift; path = ViewController3.swift; sourceTree = "<group>"; };
		E765BB4E1D522AD0002E9912 /* TabCollectionCell.xib */ = {isa = PBXFileReference; fileEncoding = 4; lastKnownFileType = file.xib; path = TabCollectionCell.xib; sourceTree = "<group>"; };
		E765BB4F1D522AD0002E9912 /* TabPageOption.swift */ = {isa = PBXFileReference; fileEncoding = 4; lastKnownFileType = sourcecode.swift; path = TabPageOption.swift; sourceTree = "<group>"; };
		E765BB521D522AD0002E9912 /* TabView.swift */ = {isa = PBXFileReference; fileEncoding = 4; lastKnownFileType = sourcecode.swift; path = TabView.swift; sourceTree = "<group>"; };
		E765BB531D522AD0002E9912 /* TabView.xib */ = {isa = PBXFileReference; fileEncoding = 4; lastKnownFileType = file.xib; path = TabView.xib; sourceTree = "<group>"; };
		E765BB5A1D522B16002E9912 /* TabCollectionCell.swift */ = {isa = PBXFileReference; fileEncoding = 4; lastKnownFileType = sourcecode.swift; path = TabCollectionCell.swift; sourceTree = "<group>"; };
		E765BB5E1D52340F002E9912 /* TabPageViewController.swift */ = {isa = PBXFileReference; fileEncoding = 4; lastKnownFileType = sourcecode.swift; path = TabPageViewController.swift; sourceTree = "<group>"; };
		E765BB601D523448002E9912 /* TabPageViewController.xib */ = {isa = PBXFileReference; fileEncoding = 4; lastKnownFileType = file.xib; path = TabPageViewController.xib; sourceTree = "<group>"; };
/* End PBXFileReference section */

/* Begin PBXFrameworksBuildPhase section */
		E765BB281D5222BC002E9912 /* Frameworks */ = {
			isa = PBXFrameworksBuildPhase;
			buildActionMask = 2147483647;
			files = (
			);
			runOnlyForDeploymentPostprocessing = 0;
		};
/* End PBXFrameworksBuildPhase section */

/* Begin PBXGroup section */
		E765BB221D5222BC002E9912 = {
			isa = PBXGroup;
			children = (
				E765BB2D1D5222BC002E9912 /* Panda */,
				E765BB2C1D5222BC002E9912 /* Products */,
			);
			sourceTree = "<group>";
		};
		E765BB2C1D5222BC002E9912 /* Products */ = {
			isa = PBXGroup;
			children = (
				E765BB2B1D5222BC002E9912 /* Panda.app */,
			);
			name = Products;
			sourceTree = "<group>";
		};
		E765BB2D1D5222BC002E9912 /* Panda */ = {
			isa = PBXGroup;
			children = (
				E765BB2E1D5222BC002E9912 /* AppDelegate.swift */,
				E765BB421D52256F002E9912 /* Utility */,
				E765BB4D1D522A62002E9912 /* TabPage */,
				E765BB491D522852002E9912 /* Controller */,
				E765BB351D5222BC002E9912 /* Assets.xcassets */,
				E765BB371D5222BC002E9912 /* LaunchScreen.storyboard */,
				E765BB3A1D5222BC002E9912 /* Info.plist */,
			);
			path = Panda;
			sourceTree = "<group>";
		};
		E765BB421D52256F002E9912 /* Utility */ = {
			isa = PBXGroup;
			children = (
				E765BB401D522549002E9912 /* UIColor.swift */,
			);
			name = Utility;
			sourceTree = "<group>";
		};
		E765BB491D522852002E9912 /* Controller */ = {
			isa = PBXGroup;
			children = (
				E765BB4B1D52289E002E9912 /* View */,
				E765BB4A1D52287A002E9912 /* Tabbar */,
			);
			name = Controller;
			sourceTree = "<group>";
		};
		E765BB4A1D52287A002E9912 /* Tabbar */ = {
			isa = PBXGroup;
			children = (
				E765BB431D5225A6002E9912 /* MainTabbarController.swift */,
			);
			name = Tabbar;
			sourceTree = "<group>";
		};
		E765BB4B1D52289E002E9912 /* View */ = {
			isa = PBXGroup;
			children = (
				E765BB301D5222BC002E9912 /* ViewController.swift */,
				E765BB451D52263E002E9912 /* ViewController2.swift */,
				E765BB471D522650002E9912 /* ViewController3.swift */,
			);
			name = View;
			sourceTree = "<group>";
		};
		E765BB4D1D522A62002E9912 /* TabPage */ = {
			isa = PBXGroup;
			children = (
				E765BB4E1D522AD0002E9912 /* TabCollectionCell.xib */,
				E765BB5A1D522B16002E9912 /* TabCollectionCell.swift */,
				E765BB4F1D522AD0002E9912 /* TabPageOption.swift */,
				E765BB5E1D52340F002E9912 /* TabPageViewController.swift */,
				E765BB601D523448002E9912 /* TabPageViewController.xib */,
				E765BB521D522AD0002E9912 /* TabView.swift */,
				E765BB531D522AD0002E9912 /* TabView.xib */,
			);
			name = TabPage;
			sourceTree = "<group>";
		};
/* End PBXGroup section */

/* Begin PBXNativeTarget section */
		E765BB2A1D5222BC002E9912 /* Panda */ = {
			isa = PBXNativeTarget;
			buildConfigurationList = E765BB3D1D5222BC002E9912 /* Build configuration list for PBXNativeTarget "Panda" */;
			buildPhases = (
				E765BB271D5222BC002E9912 /* Sources */,
				E765BB281D5222BC002E9912 /* Frameworks */,
				E765BB291D5222BC002E9912 /* Resources */,
			);
			buildRules = (
			);
			dependencies = (
			);
			name = Panda;
			productName = Panda;
			productReference = E765BB2B1D5222BC002E9912 /* Panda.app */;
			productType = "com.apple.product-type.application";
		};
/* End PBXNativeTarget section */

/* Begin PBXProject section */
		E765BB231D5222BC002E9912 /* Project object */ = {
			isa = PBXProject;
			attributes = {
				LastSwiftUpdateCheck = 0730;
				LastUpgradeCheck = 0730;
				ORGANIZATIONNAME = "矢野史洋";
				TargetAttributes = {
					E765BB2A1D5222BC002E9912 = {
						CreatedOnToolsVersion = 7.3.1;
						DevelopmentTeam = V9J9ZM6788;
					};
				};
			};
			buildConfigurationList = E765BB261D5222BC002E9912 /* Build configuration list for PBXProject "Panda" */;
			compatibilityVersion = "Xcode 3.2";
			developmentRegion = English;
			hasScannedForEncodings = 0;
			knownRegions = (
				en,
				Base,
			);
			mainGroup = E765BB221D5222BC002E9912;
			productRefGroup = E765BB2C1D5222BC002E9912 /* Products */;
			projectDirPath = "";
			projectRoot = "";
			targets = (
				E765BB2A1D5222BC002E9912 /* Panda */,
			);
		};
/* End PBXProject section */

/* Begin PBXResourcesBuildPhase section */
		E765BB291D5222BC002E9912 /* Resources */ = {
			isa = PBXResourcesBuildPhase;
			buildActionMask = 2147483647;
			files = (
				E765BB541D522AD0002E9912 /* TabCollectionCell.xib in Resources */,
				E765BB391D5222BC002E9912 /* LaunchScreen.storyboard in Resources */,
				E765BB361D5222BC002E9912 /* Assets.xcassets in Resources */,
				E765BB611D523448002E9912 /* TabPageViewController.xib in Resources */,
				E765BB591D522AD0002E9912 /* TabView.xib in Resources */,
			);
			runOnlyForDeploymentPostprocessing = 0;
		};
/* End PBXResourcesBuildPhase section */

/* Begin PBXSourcesBuildPhase section */
		E765BB271D5222BC002E9912 /* Sources */ = {
			isa = PBXSourcesBuildPhase;
			buildActionMask = 2147483647;
			files = (
				E765BB461D52263E002E9912 /* ViewController2.swift in Sources */,
				E765BB551D522AD0002E9912 /* TabPageOption.swift in Sources */,
				E765BB311D5222BC002E9912 /* ViewController.swift in Sources */,
				E765BB5F1D52340F002E9912 /* TabPageViewController.swift in Sources */,
				E765BB481D522650002E9912 /* ViewController3.swift in Sources */,
				E765BB411D522549002E9912 /* UIColor.swift in Sources */,
				E765BB441D5225A6002E9912 /* MainTabbarController.swift in Sources */,
				E765BB5B1D522B16002E9912 /* TabCollectionCell.swift in Sources */,
				E765BB581D522AD0002E9912 /* TabView.swift in Sources */,
				E765BB2F1D5222BC002E9912 /* AppDelegate.swift in Sources */,
			);
			runOnlyForDeploymentPostprocessing = 0;
		};
/* End PBXSourcesBuildPhase section */

/* Begin PBXVariantGroup section */
		E765BB371D5222BC002E9912 /* LaunchScreen.storyboard */ = {
			isa = PBXVariantGroup;
			children = (
				E765BB381D5222BC002E9912 /* Base */,
			);
			name = LaunchScreen.storyboard;
			sourceTree = "<group>";
		};
/* End PBXVariantGroup section */

/* Begin XCBuildConfiguration section */
		E765BB3B1D5222BC002E9912 /* Debug */ = {
			isa = XCBuildConfiguration;
			buildSettings = {
				ALWAYS_SEARCH_USER_PATHS = NO;
				CLANG_ANALYZER_NONNULL = YES;
				CLANG_CXX_LANGUAGE_STANDARD = "gnu++0x";
				CLANG_CXX_LIBRARY = "libc++";
				CLANG_ENABLE_MODULES = YES;
				CLANG_ENABLE_OBJC_ARC = YES;
				CLANG_WARN_BOOL_CONVERSION = YES;
				CLANG_WARN_CONSTANT_CONVERSION = YES;
				CLANG_WARN_DIRECT_OBJC_ISA_USAGE = YES_ERROR;
				CLANG_WARN_EMPTY_BODY = YES;
				CLANG_WARN_ENUM_CONVERSION = YES;
				CLANG_WARN_INT_CONVERSION = YES;
				CLANG_WARN_OBJC_ROOT_CLASS = YES_ERROR;
				CLANG_WARN_UNREACHABLE_CODE = YES;
				CLANG_WARN__DUPLICATE_METHOD_MATCH = YES;
				"CODE_SIGN_IDENTITY[sdk=iphoneos*]" = "iPhone Developer";
				COPY_PHASE_STRIP = NO;
				DEBUG_INFORMATION_FORMAT = dwarf;
				ENABLE_STRICT_OBJC_MSGSEND = YES;
				ENABLE_TESTABILITY = YES;
				GCC_C_LANGUAGE_STANDARD = gnu99;
				GCC_DYNAMIC_NO_PIC = NO;
				GCC_NO_COMMON_BLOCKS = YES;
				GCC_OPTIMIZATION_LEVEL = 0;
				GCC_PREPROCESSOR_DEFINITIONS = (
					"DEBUG=1",
					"$(inherited)",
				);
				GCC_WARN_64_TO_32_BIT_CONVERSION = YES;
				GCC_WARN_ABOUT_RETURN_TYPE = YES_ERROR;
				GCC_WARN_UNDECLARED_SELECTOR = YES;
				GCC_WARN_UNINITIALIZED_AUTOS = YES_AGGRESSIVE;
				GCC_WARN_UNUSED_FUNCTION = YES;
				GCC_WARN_UNUSED_VARIABLE = YES;
				IPHONEOS_DEPLOYMENT_TARGET = 9.3;
				MTL_ENABLE_DEBUG_INFO = YES;
				ONLY_ACTIVE_ARCH = YES;
				SDKROOT = iphoneos;
				SWIFT_OPTIMIZATION_LEVEL = "-Onone";
				TARGETED_DEVICE_FAMILY = "1,2";
			};
			name = Debug;
		};
		E765BB3C1D5222BC002E9912 /* Release */ = {
			isa = XCBuildConfiguration;
			buildSettings = {
				ALWAYS_SEARCH_USER_PATHS = NO;
				CLANG_ANALYZER_NONNULL = YES;
				CLANG_CXX_LANGUAGE_STANDARD = "gnu++0x";
				CLANG_CXX_LIBRARY = "libc++";
				CLANG_ENABLE_MODULES = YES;
				CLANG_ENABLE_OBJC_ARC = YES;
				CLANG_WARN_BOOL_CONVERSION = YES;
				CLANG_WARN_CONSTANT_CONVERSION = YES;
				CLANG_WARN_DIRECT_OBJC_ISA_USAGE = YES_ERROR;
				CLANG_WARN_EMPTY_BODY = YES;
				CLANG_WARN_ENUM_CONVERSION = YES;
				CLANG_WARN_INT_CONVERSION = YES;
				CLANG_WARN_OBJC_ROOT_CLASS = YES_ERROR;
				CLANG_WARN_UNREACHABLE_CODE = YES;
				CLANG_WARN__DUPLICATE_METHOD_MATCH = YES;
				"CODE_SIGN_IDENTITY[sdk=iphoneos*]" = "iPhone Developer";
				COPY_PHASE_STRIP = NO;
				DEBUG_INFORMATION_FORMAT = "dwarf-with-dsym";
				ENABLE_NS_ASSERTIONS = NO;
				ENABLE_STRICT_OBJC_MSGSEND = YES;
				GCC_C_LANGUAGE_STANDARD = gnu99;
				GCC_NO_COMMON_BLOCKS = YES;
				GCC_WARN_64_TO_32_BIT_CONVERSION = YES;
				GCC_WARN_ABOUT_RETURN_TYPE = YES_ERROR;
				GCC_WARN_UNDECLARED_SELECTOR = YES;
				GCC_WARN_UNINITIALIZED_AUTOS = YES_AGGRESSIVE;
				GCC_WARN_UNUSED_FUNCTION = YES;
				GCC_WARN_UNUSED_VARIABLE = YES;
				IPHONEOS_DEPLOYMENT_TARGET = 9.3;
				MTL_ENABLE_DEBUG_INFO = NO;
				SDKROOT = iphoneos;
				TARGETED_DEVICE_FAMILY = "1,2";
				VALIDATE_PRODUCT = YES;
			};
			name = Release;
		};
		E765BB3E1D5222BC002E9912 /* Debug */ = {
			isa = XCBuildConfiguration;
			buildSettings = {
				ASSETCATALOG_COMPILER_APPICON_NAME = AppIcon;
				INFOPLIST_FILE = Panda/Info.plist;
				LD_RUNPATH_SEARCH_PATHS = "$(inherited) @executable_path/Frameworks";
				PRODUCT_BUNDLE_IDENTIFIER = glooob.Panda;
				PRODUCT_NAME = "$(TARGET_NAME)";
			};
			name = Debug;
		};
		E765BB3F1D5222BC002E9912 /* Release */ = {
			isa = XCBuildConfiguration;
			buildSettings = {
				ASSETCATALOG_COMPILER_APPICON_NAME = AppIcon;
				INFOPLIST_FILE = Panda/Info.plist;
				LD_RUNPATH_SEARCH_PATHS = "$(inherited) @executable_path/Frameworks";
				PRODUCT_BUNDLE_IDENTIFIER = glooob.Panda;
				PRODUCT_NAME = "$(TARGET_NAME)";
			};
			name = Release;
		};
/* End XCBuildConfiguration section */

/* Begin XCConfigurationList section */
		E765BB261D5222BC002E9912 /* Build configuration list for PBXProject "Panda" */ = {
			isa = XCConfigurationList;
			buildConfigurations = (
				E765BB3B1D5222BC002E9912 /* Debug */,
				E765BB3C1D5222BC002E9912 /* Release */,
			);
			defaultConfigurationIsVisible = 0;
			defaultConfigurationName = Release;
		};
		E765BB3D1D5222BC002E9912 /* Build configuration list for PBXNativeTarget "Panda" */ = {
			isa = XCConfigurationList;
			buildConfigurations = (
				E765BB3E1D5222BC002E9912 /* Debug */,
				E765BB3F1D5222BC002E9912 /* Release */,
			);
			defaultConfigurationIsVisible = 0;
			defaultConfigurationName = Release;
		};
/* End XCConfigurationList section */
	};
	rootObject = E765BB231D5222BC002E9912 /* Project object */;
}
